
Microsoft Visual Studio Solution File, Format Version 12.00
# Visual Studio 2013
VisualStudioVersion = 12.0.31101.0
MinimumVisualStudioVersion = 10.0.40219.1
Project("{FAE04EC0-301F-11D3-BF4B-00C04F79EFBC}") = "Nd.CompressImg", "Nd.CompressImg\Nd.CompressImg.csproj", "{7656D952-328B-450C-9292-7F8E6D5A0AF6}"
EndProject
Project("{FAE04EC0-301F-11D3-BF4B-00C04F79EFBC}") = "Nd.test", "Nd.test\Nd.test.csproj", "{1C94FA9A-2094-424A-AFBE-524D65FA809A}"
EndProject
Global
	GlobalSection(SolutionConfigurationPlatforms) = preSolution
		Debug|Any CPU = Debug|Any CPU
		Release|Any CPU = Release|Any CPU
	EndGlobalSection
	GlobalSection(ProjectConfigurationPlatforms) = postSolution
		{7656D952-328B-450C-9292-7F8E6D5A0AF6}.Debug|Any CPU.ActiveCfg = Debug|Any CPU
		{7656D952-328B-450C-9292-7F8E6D5A0AF6}.Debug|Any CPU.Build.0 = Debug|Any CPU
		{7656D952-328B-450C-9292-7F8E6D5A0AF6}.Release|Any CPU.ActiveCfg = Release|Any CPU
		{7656D952-328B-450C-9292-7F8E6D5A0AF6}.Release|Any CPU.Build.0 = Release|Any CPU
		{1C94FA9A-2094-424A-AFBE-524D65FA809A}.Debug|Any CPU.ActiveCfg = Debug|Any CPU
		{1C94FA9A-2094-424A-AFBE-524D65FA809A}.Debug|Any CPU.Build.0 = Debug|Any CPU
		{1C94FA9A-2094-424A-AFBE-524D65FA809A}.Release|Any CPU.ActiveCfg = Release|Any CPU
		{1C94FA9A-2094-424A-AFBE-524D65FA809A}.Release|Any CPU.Build.0 = Release|Any CPU
	EndGlobalSection
	GlobalSection(SolutionProperties) = preSolution
		HideSolutionNode = FALSE
	EndGlobalSection
EndGlobal
